
Microsoft Visual Studio Solution File, Format Version 12.00
# Visual Studio Version 17
VisualStudioVersion = 17.3.32825.248
MinimumVisualStudioVersion = 10.0.40219.1
Project("{FAE04EC0-301F-11D3-BF4B-00C04F79EFBC}") = "Exercicios", "Exercicios.csproj", "{89F68C06-565C-4C97-B472-3C2EC20FFD24}"
EndProject
Global
	GlobalSection(SolutionConfigurationPlatforms) = preSolution
		Debug|Any CPU = Debug|Any CPU
		Release|Any CPU = Release|Any CPU
	EndGlobalSection
	GlobalSection(ProjectConfigurationPlatforms) = postSolution
		{89F68C06-565C-4C97-B472-3C2EC20FFD24}.Debug|Any CPU.ActiveCfg = Debug|Any CPU
		{89F68C06-565C-4C97-B472-3C2EC20FFD24}.Debug|Any CPU.Build.0 = Debug|Any CPU
		{89F68C06-565C-4C97-B472-3C2EC20FFD24}.Release|Any CPU.ActiveCfg = Release|Any CPU
		{89F68C06-565C-4C97-B472-3C2EC20FFD24}.Release|Any CPU.Build.0 = Release|Any CPU
	EndGlobalSection
	GlobalSection(SolutionProperties) = preSolution
		HideSolutionNode = FALSE
	EndGlobalSection
	GlobalSection(ExtensibilityGlobals) = postSolution
		SolutionGuid = {1B1D719D-3591-4187-BCEA-9ED409406B3B}
	EndGlobalSection
EndGlobal
